// !$*UTF8*$!
{
	archiveVersion = 1;
	classes = {
	};
	objectVersion = 54;
	objects = {

/* Begin PBXBuildFile section */
		143FA7412A76383D00773FF7 /* AppDelegate.m in Sources */ = {isa = PBXBuildFile; fileRef = 143FA7402A76383D00773FF7 /* AppDelegate.m */; };
		143FA74C2A76383F00773FF7 /* Assets.xcassets in Resources */ = {isa = PBXBuildFile; fileRef = 143FA74B2A76383F00773FF7 /* Assets.xcassets */; };
		143FA74F2A76383F00773FF7 /* LaunchScreen.storyboard in Resources */ = {isa = PBXBuildFile; fileRef = 143FA74D2A76383F00773FF7 /* LaunchScreen.storyboard */; };
		143FA7522A76383F00773FF7 /* main.m in Sources */ = {isa = PBXBuildFile; fileRef = 143FA7512A76383F00773FF7 /* main.m */; };
		143FA75C2A76383F00773FF7 /* qc_ios_frameworkTests.m in Sources */ = {isa = PBXBuildFile; fileRef = 143FA75B2A76383F00773FF7 /* qc_ios_frameworkTests.m */; };
		143FA7662A76383F00773FF7 /* qc_ios_frameworkUITests.m in Sources */ = {isa = PBXBuildFile; fileRef = 143FA7652A76383F00773FF7 /* qc_ios_frameworkUITests.m */; };
		143FA7682A76383F00773FF7 /* qc_ios_frameworkUITestsLaunchTests.m in Sources */ = {isa = PBXBuildFile; fileRef = 143FA7672A76383F00773FF7 /* qc_ios_frameworkUITestsLaunchTests.m */; };
		143FA77C2A7657C700773FF7 /* NetworkTool.m in Sources */ = {isa = PBXBuildFile; fileRef = 143FA77B2A7657C700773FF7 /* NetworkTool.m */; };
		143FA77F2A7664D200773FF7 /* MMKVManager.m in Sources */ = {isa = PBXBuildFile; fileRef = 143FA77E2A7664D200773FF7 /* MMKVManager.m */; };
		143FA7892A7668B400773FF7 /* FirstViewController.m in Sources */ = {isa = PBXBuildFile; fileRef = 143FA7872A7668B400773FF7 /* FirstViewController.m */; };
		143FA78C2A766ADD00773FF7 /* SecondViewController.m in Sources */ = {isa = PBXBuildFile; fileRef = 143FA78B2A766ADD00773FF7 /* SecondViewController.m */; };
		143FA7922A76964600773FF7 /* TabBarViewController.m in Sources */ = {isa = PBXBuildFile; fileRef = 143FA7912A76964600773FF7 /* TabBarViewController.m */; };
		143FA79F2A76C35400773FF7 /* BaseNavigationController.m in Sources */ = {isa = PBXBuildFile; fileRef = 143FA79E2A76C35400773FF7 /* BaseNavigationController.m */; };
		143FA8002A76D95600773FF7 /* DetailsViewController.m in Sources */ = {isa = PBXBuildFile; fileRef = 143FA7FF2A76D95600773FF7 /* DetailsViewController.m */; };
		14FFB7582A77A30F00379222 /* LoginViewController.m in Sources */ = {isa = PBXBuildFile; fileRef = 14FFB7572A77A30F00379222 /* LoginViewController.m */; };
		14FFB75F2A7A1DC200379222 /* ThirdViewController.m in Sources */ = {isa = PBXBuildFile; fileRef = 14FFB75E2A7A1DC200379222 /* ThirdViewController.m */; };
		14FFB7662A7A1FCA00379222 /* MineCollectionViewCell.m in Sources */ = {isa = PBXBuildFile; fileRef = 14FFB7652A7A1FCA00379222 /* MineCollectionViewCell.m */; };
		D6173F98B14DC28501CAAE11 /* libPods-qc_ios_framework.a in Frameworks */ = {isa = PBXBuildFile; fileRef = 45D07501F88CCDD60D350438 /* libPods-qc_ios_framework.a */; };
/* End PBXBuildFile section */

/* Begin PBXContainerItemProxy section */
		143FA7582A76383F00773FF7 /* PBXContainerItemProxy */ = {
			isa = PBXContainerItemProxy;
			containerPortal = 143FA7342A76383D00773FF7 /* Project object */;
			proxyType = 1;
			remoteGlobalIDString = 143FA73B2A76383D00773FF7;
			remoteInfo = qc_ios_framework;
		};
		143FA7622A76383F00773FF7 /* PBXContainerItemProxy */ = {
			isa = PBXContainerItemProxy;
			containerPortal = 143FA7342A76383D00773FF7 /* Project object */;
			proxyType = 1;
			remoteGlobalIDString = 143FA73B2A76383D00773FF7;
			remoteInfo = qc_ios_framework;
		};
/* End PBXContainerItemProxy section */

/* Begin PBXFileReference section */
		143FA73C2A76383D00773FF7 /* qc_ios_framework.app */ = {isa = PBXFileReference; explicitFileType = wrapper.application; includeInIndex = 0; path = qc_ios_framework.app; sourceTree = BUILT_PRODUCTS_DIR; };
		143FA73F2A76383D00773FF7 /* AppDelegate.h */ = {isa = PBXFileReference; lastKnownFileType = sourcecode.c.h; path = AppDelegate.h; sourceTree = "<group>"; };
		143FA7402A76383D00773FF7 /* AppDelegate.m */ = {isa = PBXFileReference; lastKnownFileType = sourcecode.c.objc; path = AppDelegate.m; sourceTree = "<group>"; };
		143FA74B2A76383F00773FF7 /* Assets.xcassets */ = {isa = PBXFileReference; lastKnownFileType = folder.assetcatalog; path = Assets.xcassets; sourceTree = "<group>"; };
		143FA74E2A76383F00773FF7 /* Base */ = {isa = PBXFileReference; lastKnownFileType = file.storyboard; name = Base; path = Base.lproj/LaunchScreen.storyboard; sourceTree = "<group>"; };
		143FA7502A76383F00773FF7 /* Info.plist */ = {isa = PBXFileReference; lastKnownFileType = text.plist.xml; path = Info.plist; sourceTree = "<group>"; };
		143FA7512A76383F00773FF7 /* main.m */ = {isa = PBXFileReference; lastKnownFileType = sourcecode.c.objc; path = main.m; sourceTree = "<group>"; };
		143FA7572A76383F00773FF7 /* qc_ios_frameworkTests.xctest */ = {isa = PBXFileReference; explicitFileType = wrapper.cfbundle; includeInIndex = 0; path = qc_ios_frameworkTests.xctest; sourceTree = BUILT_PRODUCTS_DIR; };
		143FA75B2A76383F00773FF7 /* qc_ios_frameworkTests.m */ = {isa = PBXFileReference; lastKnownFileType = sourcecode.c.objc; path = qc_ios_frameworkTests.m; sourceTree = "<group>"; };
		143FA7612A76383F00773FF7 /* qc_ios_frameworkUITests.xctest */ = {isa = PBXFileReference; explicitFileType = wrapper.cfbundle; includeInIndex = 0; path = qc_ios_frameworkUITests.xctest; sourceTree = BUILT_PRODUCTS_DIR; };
		143FA7652A76383F00773FF7 /* qc_ios_frameworkUITests.m */ = {isa = PBXFileReference; lastKnownFileType = sourcecode.c.objc; path = qc_ios_frameworkUITests.m; sourceTree = "<group>"; };
		143FA7672A76383F00773FF7 /* qc_ios_frameworkUITestsLaunchTests.m */ = {isa = PBXFileReference; lastKnownFileType = sourcecode.c.objc; path = qc_ios_frameworkUITestsLaunchTests.m; sourceTree = "<group>"; };
		143FA77A2A7657C700773FF7 /* NetworkTool.h */ = {isa = PBXFileReference; lastKnownFileType = sourcecode.c.h; path = NetworkTool.h; sourceTree = "<group>"; };
		143FA77B2A7657C700773FF7 /* NetworkTool.m */ = {isa = PBXFileReference; lastKnownFileType = sourcecode.c.objc; path = NetworkTool.m; sourceTree = "<group>"; };
		143FA77D2A7664D200773FF7 /* MMKVManager.h */ = {isa = PBXFileReference; lastKnownFileType = sourcecode.c.h; path = MMKVManager.h; sourceTree = "<group>"; };
		143FA77E2A7664D200773FF7 /* MMKVManager.m */ = {isa = PBXFileReference; lastKnownFileType = sourcecode.c.objc; path = MMKVManager.m; sourceTree = "<group>"; };
		143FA7872A7668B400773FF7 /* FirstViewController.m */ = {isa = PBXFileReference; fileEncoding = 4; lastKnownFileType = sourcecode.c.objc; path = FirstViewController.m; sourceTree = "<group>"; };
		143FA7882A7668B400773FF7 /* FirstViewController.h */ = {isa = PBXFileReference; fileEncoding = 4; lastKnownFileType = sourcecode.c.h; path = FirstViewController.h; sourceTree = "<group>"; };
		143FA78A2A766ADD00773FF7 /* SecondViewController.h */ = {isa = PBXFileReference; lastKnownFileType = sourcecode.c.h; path = SecondViewController.h; sourceTree = "<group>"; };
		143FA78B2A766ADD00773FF7 /* SecondViewController.m */ = {isa = PBXFileReference; lastKnownFileType = sourcecode.c.objc; path = SecondViewController.m; sourceTree = "<group>"; };
		143FA7902A76964600773FF7 /* TabBarViewController.h */ = {isa = PBXFileReference; lastKnownFileType = sourcecode.c.h; path = TabBarViewController.h; sourceTree = "<group>"; };
		143FA7912A76964600773FF7 /* TabBarViewController.m */ = {isa = PBXFileReference; lastKnownFileType = sourcecode.c.objc; path = TabBarViewController.m; sourceTree = "<group>"; };
		143FA79D2A76C35400773FF7 /* BaseNavigationController.h */ = {isa = PBXFileReference; lastKnownFileType = sourcecode.c.h; path = BaseNavigationController.h; sourceTree = "<group>"; };
		143FA79E2A76C35400773FF7 /* BaseNavigationController.m */ = {isa = PBXFileReference; lastKnownFileType = sourcecode.c.objc; path = BaseNavigationController.m; sourceTree = "<group>"; };
		143FA7FE2A76D95600773FF7 /* DetailsViewController.h */ = {isa = PBXFileReference; fileEncoding = 4; lastKnownFileType = sourcecode.c.h; path = DetailsViewController.h; sourceTree = "<group>"; };
		143FA7FF2A76D95600773FF7 /* DetailsViewController.m */ = {isa = PBXFileReference; fileEncoding = 4; lastKnownFileType = sourcecode.c.objc; path = DetailsViewController.m; sourceTree = "<group>"; };
		14FFB7562A77A30F00379222 /* LoginViewController.h */ = {isa = PBXFileReference; lastKnownFileType = sourcecode.c.h; path = LoginViewController.h; sourceTree = "<group>"; };
		14FFB7572A77A30F00379222 /* LoginViewController.m */ = {isa = PBXFileReference; lastKnownFileType = sourcecode.c.objc; path = LoginViewController.m; sourceTree = "<group>"; };
		14FFB75B2A78F07000379222 /* PrefixCommon.h */ = {isa = PBXFileReference; fileEncoding = 4; lastKnownFileType = sourcecode.c.h; path = PrefixCommon.h; sourceTree = "<group>"; };
		14FFB75C2A78F07000379222 /* DefineCommon.h */ = {isa = PBXFileReference; fileEncoding = 4; lastKnownFileType = sourcecode.c.h; path = DefineCommon.h; sourceTree = "<group>"; };
		14FFB75D2A7A1DC200379222 /* ThirdViewController.h */ = {isa = PBXFileReference; lastKnownFileType = sourcecode.c.h; path = ThirdViewController.h; sourceTree = "<group>"; };
		14FFB75E2A7A1DC200379222 /* ThirdViewController.m */ = {isa = PBXFileReference; lastKnownFileType = sourcecode.c.objc; path = ThirdViewController.m; sourceTree = "<group>"; };
		14FFB7642A7A1FCA00379222 /* MineCollectionViewCell.h */ = {isa = PBXFileReference; lastKnownFileType = sourcecode.c.h; path = MineCollectionViewCell.h; sourceTree = "<group>"; };
		14FFB7652A7A1FCA00379222 /* MineCollectionViewCell.m */ = {isa = PBXFileReference; lastKnownFileType = sourcecode.c.objc; path = MineCollectionViewCell.m; sourceTree = "<group>"; };
		2E0A29FF546D94EA344647DD /* Pods-qc_ios_framework.release.xcconfig */ = {isa = PBXFileReference; includeInIndex = 1; lastKnownFileType = text.xcconfig; name = "Pods-qc_ios_framework.release.xcconfig"; path = "Target Support Files/Pods-qc_ios_framework/Pods-qc_ios_framework.release.xcconfig"; sourceTree = "<group>"; };
		41A24962920AF6E7BF241C65 /* Pods-qc_ios_framework.debug.xcconfig */ = {isa = PBXFileReference; includeInIndex = 1; lastKnownFileType = text.xcconfig; name = "Pods-qc_ios_framework.debug.xcconfig"; path = "Target Support Files/Pods-qc_ios_framework/Pods-qc_ios_framework.debug.xcconfig"; sourceTree = "<group>"; };
		45D07501F88CCDD60D350438 /* libPods-qc_ios_framework.a */ = {isa = PBXFileReference; explicitFileType = archive.ar; includeInIndex = 0; path = "libPods-qc_ios_framework.a"; sourceTree = BUILT_PRODUCTS_DIR; };
/* End PBXFileReference section */

/* Begin PBXFrameworksBuildPhase section */
		143FA7392A76383D00773FF7 /* Frameworks */ = {
			isa = PBXFrameworksBuildPhase;
			buildActionMask = 2147483647;
			files = (
				D6173F98B14DC28501CAAE11 /* libPods-qc_ios_framework.a in Frameworks */,
			);
			runOnlyForDeploymentPostprocessing = 0;
		};
		143FA7542A76383F00773FF7 /* Frameworks */ = {
			isa = PBXFrameworksBuildPhase;
			buildActionMask = 2147483647;
			files = (
			);
			runOnlyForDeploymentPostprocessing = 0;
		};
		143FA75E2A76383F00773FF7 /* Frameworks */ = {
			isa = PBXFrameworksBuildPhase;
			buildActionMask = 2147483647;
			files = (
			);
			runOnlyForDeploymentPostprocessing = 0;
		};
/* End PBXFrameworksBuildPhase section */

/* Begin PBXGroup section */
		143FA7332A76383D00773FF7 = {
			isa = PBXGroup;
			children = (
				143FA73E2A76383D00773FF7 /* qc_ios_framework */,
				143FA75A2A76383F00773FF7 /* qc_ios_frameworkTests */,
				143FA7642A76383F00773FF7 /* qc_ios_frameworkUITests */,
				143FA73D2A76383D00773FF7 /* Products */,
				220E0423B2E80303667FD079 /* Pods */,
				D109643EFB5E3E21BFC7D0A5 /* Frameworks */,
			);
			sourceTree = "<group>";
		};
		143FA73D2A76383D00773FF7 /* Products */ = {
			isa = PBXGroup;
			children = (
				143FA73C2A76383D00773FF7 /* qc_ios_framework.app */,
				143FA7572A76383F00773FF7 /* qc_ios_frameworkTests.xctest */,
				143FA7612A76383F00773FF7 /* qc_ios_frameworkUITests.xctest */,
			);
			name = Products;
			sourceTree = "<group>";
		};
		143FA73E2A76383D00773FF7 /* qc_ios_framework */ = {
			isa = PBXGroup;
			children = (
				143FA7822A76661B00773FF7 /* ViewModel */,
				143FA7812A7665FC00773FF7 /* View */,
				143FA7802A7665DD00773FF7 /* Model */,
				143FA7792A76567300773FF7 /* Utils */,
				143FA7772A76548E00773FF7 /* Common */,
				143FA73F2A76383D00773FF7 /* AppDelegate.h */,
				143FA7402A76383D00773FF7 /* AppDelegate.m */,
				143FA74B2A76383F00773FF7 /* Assets.xcassets */,
				143FA74D2A76383F00773FF7 /* LaunchScreen.storyboard */,
				143FA7502A76383F00773FF7 /* Info.plist */,
				143FA7512A76383F00773FF7 /* main.m */,
			);
			path = qc_ios_framework;
			sourceTree = "<group>";
		};
		143FA75A2A76383F00773FF7 /* qc_ios_frameworkTests */ = {
			isa = PBXGroup;
			children = (
				143FA75B2A76383F00773FF7 /* qc_ios_frameworkTests.m */,
			);
			path = qc_ios_frameworkTests;
			sourceTree = "<group>";
		};
		143FA7642A76383F00773FF7 /* qc_ios_frameworkUITests */ = {
			isa = PBXGroup;
			children = (
				143FA7652A76383F00773FF7 /* qc_ios_frameworkUITests.m */,
				143FA7672A76383F00773FF7 /* qc_ios_frameworkUITestsLaunchTests.m */,
			);
			path = qc_ios_frameworkUITests;
			sourceTree = "<group>";
		};
		143FA7772A76548E00773FF7 /* Common */ = {
			isa = PBXGroup;
			children = (
				14FFB75C2A78F07000379222 /* DefineCommon.h */,
				14FFB75B2A78F07000379222 /* PrefixCommon.h */,
			);
			path = Common;
			sourceTree = "<group>";
		};
		143FA7792A76567300773FF7 /* Utils */ = {
			isa = PBXGroup;
			children = (
				143FA77A2A7657C700773FF7 /* NetworkTool.h */,
				143FA77B2A7657C700773FF7 /* NetworkTool.m */,
				143FA77D2A7664D200773FF7 /* MMKVManager.h */,
				143FA77E2A7664D200773FF7 /* MMKVManager.m */,
			);
			path = Utils;
			sourceTree = "<group>";
		};
		143FA7802A7665DD00773FF7 /* Model */ = {
			isa = PBXGroup;
			children = (
			);
			path = Model;
			sourceTree = "<group>";
		};
		143FA7812A7665FC00773FF7 /* View */ = {
			isa = PBXGroup;
			children = (
				14FFB7602A7A1EA100379222 /* Components */,
				143FA7862A76683300773FF7 /* TabBar */,
				143FA7932A76967700773FF7 /* NavBar */,
				14FFB7592A77A32D00379222 /* Login */,
				143FA7FE2A76D95600773FF7 /* DetailsViewController.h */,
				143FA7FF2A76D95600773FF7 /* DetailsViewController.m */,
				143FA7882A7668B400773FF7 /* FirstViewController.h */,
				143FA7872A7668B400773FF7 /* FirstViewController.m */,
				143FA78A2A766ADD00773FF7 /* SecondViewController.h */,
				143FA78B2A766ADD00773FF7 /* SecondViewController.m */,
				14FFB75D2A7A1DC200379222 /* ThirdViewController.h */,
				14FFB75E2A7A1DC200379222 /* ThirdViewController.m */,
			);
			path = View;
			sourceTree = "<group>";
		};
		143FA7822A76661B00773FF7 /* ViewModel */ = {
			isa = PBXGroup;
			children = (
			);
			path = ViewModel;
			sourceTree = "<group>";
		};
		143FA7862A76683300773FF7 /* TabBar */ = {
			isa = PBXGroup;
			children = (
				143FA7902A76964600773FF7 /* TabBarViewController.h */,
				143FA7912A76964600773FF7 /* TabBarViewController.m */,
			);
			path = TabBar;
			sourceTree = "<group>";
		};
		143FA7932A76967700773FF7 /* NavBar */ = {
			isa = PBXGroup;
			children = (
				143FA79D2A76C35400773FF7 /* BaseNavigationController.h */,
				143FA79E2A76C35400773FF7 /* BaseNavigationController.m */,
			);
			path = NavBar;
			sourceTree = "<group>";
		};
		14FFB7592A77A32D00379222 /* Login */ = {
			isa = PBXGroup;
			children = (
				14FFB7562A77A30F00379222 /* LoginViewController.h */,
				14FFB7572A77A30F00379222 /* LoginViewController.m */,
			);
			path = Login;
			sourceTree = "<group>";
		};
		14FFB7602A7A1EA100379222 /* Components */ = {
			isa = PBXGroup;
			children = (
				14FFB7642A7A1FCA00379222 /* MineCollectionViewCell.h */,
				14FFB7652A7A1FCA00379222 /* MineCollectionViewCell.m */,
			);
			path = Components;
			sourceTree = "<group>";
		};
		220E0423B2E80303667FD079 /* Pods */ = {
			isa = PBXGroup;
			children = (
				41A24962920AF6E7BF241C65 /* Pods-qc_ios_framework.debug.xcconfig */,
				2E0A29FF546D94EA344647DD /* Pods-qc_ios_framework.release.xcconfig */,
			);
			path = Pods;
			sourceTree = "<group>";
		};
		D109643EFB5E3E21BFC7D0A5 /* Frameworks */ = {
			isa = PBXGroup;
			children = (
				45D07501F88CCDD60D350438 /* libPods-qc_ios_framework.a */,
			);
			name = Frameworks;
			sourceTree = "<group>";
		};
/* End PBXGroup section */

/* Begin PBXNativeTarget section */
		143FA73B2A76383D00773FF7 /* qc_ios_framework */ = {
			isa = PBXNativeTarget;
			buildConfigurationList = 143FA76B2A76383F00773FF7 /* Build configuration list for PBXNativeTarget "qc_ios_framework" */;
			buildPhases = (
				BF7907AD3A3B770B02DBE553 /* [CP] Check Pods Manifest.lock */,
				143FA7382A76383D00773FF7 /* Sources */,
				143FA7392A76383D00773FF7 /* Frameworks */,
				143FA73A2A76383D00773FF7 /* Resources */,
			);
			buildRules = (
			);
			dependencies = (
			);
			name = qc_ios_framework;
			productName = qc_ios_framework;
			productReference = 143FA73C2A76383D00773FF7 /* qc_ios_framework.app */;
			productType = "com.apple.product-type.application";
		};
		143FA7562A76383F00773FF7 /* qc_ios_frameworkTests */ = {
			isa = PBXNativeTarget;
			buildConfigurationList = 143FA76E2A76383F00773FF7 /* Build configuration list for PBXNativeTarget "qc_ios_frameworkTests" */;
			buildPhases = (
				143FA7532A76383F00773FF7 /* Sources */,
				143FA7542A76383F00773FF7 /* Frameworks */,
				143FA7552A76383F00773FF7 /* Resources */,
			);
			buildRules = (
			);
			dependencies = (
				143FA7592A76383F00773FF7 /* PBXTargetDependency */,
			);
			name = qc_ios_frameworkTests;
			productName = qc_ios_frameworkTests;
			productReference = 143FA7572A76383F00773FF7 /* qc_ios_frameworkTests.xctest */;
			productType = "com.apple.product-type.bundle.unit-test";
		};
		143FA7602A76383F00773FF7 /* qc_ios_frameworkUITests */ = {
			isa = PBXNativeTarget;
			buildConfigurationList = 143FA7712A76383F00773FF7 /* Build configuration list for PBXNativeTarget "qc_ios_frameworkUITests" */;
			buildPhases = (
				143FA75D2A76383F00773FF7 /* Sources */,
				143FA75E2A76383F00773FF7 /* Frameworks */,
				143FA75F2A76383F00773FF7 /* Resources */,
			);
			buildRules = (
			);
			dependencies = (
				143FA7632A76383F00773FF7 /* PBXTargetDependency */,
			);
			name = qc_ios_frameworkUITests;
			productName = qc_ios_frameworkUITests;
			productReference = 143FA7612A76383F00773FF7 /* qc_ios_frameworkUITests.xctest */;
			productType = "com.apple.product-type.bundle.ui-testing";
		};
/* End PBXNativeTarget section */

/* Begin PBXProject section */
		143FA7342A76383D00773FF7 /* Project object */ = {
			isa = PBXProject;
			attributes = {
				BuildIndependentTargetsInParallel = 1;
				LastUpgradeCheck = 1430;
				TargetAttributes = {
					143FA73B2A76383D00773FF7 = {
						CreatedOnToolsVersion = 14.3;
					};
					143FA7562A76383F00773FF7 = {
						CreatedOnToolsVersion = 14.3;
						TestTargetID = 143FA73B2A76383D00773FF7;
					};
					143FA7602A76383F00773FF7 = {
						CreatedOnToolsVersion = 14.3;
						TestTargetID = 143FA73B2A76383D00773FF7;
					};
				};
			};
			buildConfigurationList = 143FA7372A76383D00773FF7 /* Build configuration list for PBXProject "qc_ios_framework" */;
			compatibilityVersion = "Xcode 12.0";
			developmentRegion = en;
			hasScannedForEncodings = 0;
			knownRegions = (
				en,
				Base,
			);
			mainGroup = 143FA7332A76383D00773FF7;
			productRefGroup = 143FA73D2A76383D00773FF7 /* Products */;
			projectDirPath = "";
			projectRoot = "";
			targets = (
				143FA73B2A76383D00773FF7 /* qc_ios_framework */,
				143FA7562A76383F00773FF7 /* qc_ios_frameworkTests */,
				143FA7602A76383F00773FF7 /* qc_ios_frameworkUITests */,
			);
		};
/* End PBXProject section */

/* Begin PBXResourcesBuildPhase section */
		143FA73A2A76383D00773FF7 /* Resources */ = {
			isa = PBXResourcesBuildPhase;
			buildActionMask = 2147483647;
			files = (
				143FA74F2A76383F00773FF7 /* LaunchScreen.storyboard in Resources */,
				143FA74C2A76383F00773FF7 /* Assets.xcassets in Resources */,
			);
			runOnlyForDeploymentPostprocessing = 0;
		};
		143FA7552A76383F00773FF7 /* Resources */ = {
			isa = PBXResourcesBuildPhase;
			buildActionMask = 2147483647;
			files = (
			);
			runOnlyForDeploymentPostprocessing = 0;
		};
		143FA75F2A76383F00773FF7 /* Resources */ = {
			isa = PBXResourcesBuildPhase;
			buildActionMask = 2147483647;
			files = (
			);
			runOnlyForDeploymentPostprocessing = 0;
		};
/* End PBXResourcesBuildPhase section */

/* Begin PBXShellScriptBuildPhase section */
		BF7907AD3A3B770B02DBE553 /* [CP] Check Pods Manifest.lock */ = {
			isa = PBXShellScriptBuildPhase;
			buildActionMask = 2147483647;
			files = (
			);
			inputFileListPaths = (
			);
			inputPaths = (
				"${PODS_PODFILE_DIR_PATH}/Podfile.lock",
				"${PODS_ROOT}/Manifest.lock",
			);
			name = "[CP] Check Pods Manifest.lock";
			outputFileListPaths = (
			);
			outputPaths = (
				"$(DERIVED_FILE_DIR)/Pods-qc_ios_framework-checkManifestLockResult.txt",
			);
			runOnlyForDeploymentPostprocessing = 0;
			shellPath = /bin/sh;
			shellScript = "diff \"${PODS_PODFILE_DIR_PATH}/Podfile.lock\" \"${PODS_ROOT}/Manifest.lock\" > /dev/null\nif [ $? != 0 ] ; then\n    # print error to STDERR\n    echo \"error: The sandbox is not in sync with the Podfile.lock. Run 'pod install' or update your CocoaPods installation.\" >&2\n    exit 1\nfi\n# This output is used by Xcode 'outputs' to avoid re-running this script phase.\necho \"SUCCESS\" > \"${SCRIPT_OUTPUT_FILE_0}\"\n";
			showEnvVarsInLog = 0;
		};
/* End PBXShellScriptBuildPhase section */

/* Begin PBXSourcesBuildPhase section */
		143FA7382A76383D00773FF7 /* Sources */ = {
			isa = PBXSourcesBuildPhase;
			buildActionMask = 2147483647;
			files = (
				143FA78C2A766ADD00773FF7 /* SecondViewController.m in Sources */,
				143FA77C2A7657C700773FF7 /* NetworkTool.m in Sources */,
				143FA7922A76964600773FF7 /* TabBarViewController.m in Sources */,
				143FA7412A76383D00773FF7 /* AppDelegate.m in Sources */,
				14FFB7582A77A30F00379222 /* LoginViewController.m in Sources */,
				14FFB75F2A7A1DC200379222 /* ThirdViewController.m in Sources */,
				143FA79F2A76C35400773FF7 /* BaseNavigationController.m in Sources */,
				14FFB7662A7A1FCA00379222 /* MineCollectionViewCell.m in Sources */,
				143FA7892A7668B400773FF7 /* FirstViewController.m in Sources */,
				143FA8002A76D95600773FF7 /* DetailsViewController.m in Sources */,
				143FA7522A76383F00773FF7 /* main.m in Sources */,
				143FA77F2A7664D200773FF7 /* MMKVManager.m in Sources */,
			);
			runOnlyForDeploymentPostprocessing = 0;
		};
		143FA7532A76383F00773FF7 /* Sources */ = {
			isa = PBXSourcesBuildPhase;
			buildActionMask = 2147483647;
			files = (
				143FA75C2A76383F00773FF7 /* qc_ios_frameworkTests.m in Sources */,
			);
			runOnlyForDeploymentPostprocessing = 0;
		};
		143FA75D2A76383F00773FF7 /* Sources */ = {
			isa = PBXSourcesBuildPhase;
			buildActionMask = 2147483647;
			files = (
				143FA7662A76383F00773FF7 /* qc_ios_frameworkUITests.m in Sources */,
				143FA7682A76383F00773FF7 /* qc_ios_frameworkUITestsLaunchTests.m in Sources */,
			);
			runOnlyForDeploymentPostprocessing = 0;
		};
/* End PBXSourcesBuildPhase section */

/* Begin PBXTargetDependency section */
		143FA7592A76383F00773FF7 /* PBXTargetDependency */ = {
			isa = PBXTargetDependency;
			target = 143FA73B2A76383D00773FF7 /* qc_ios_framework */;
			targetProxy = 143FA7582A76383F00773FF7 /* PBXContainerItemProxy */;
		};
		143FA7632A76383F00773FF7 /* PBXTargetDependency */ = {
			isa = PBXTargetDependency;
			target = 143FA73B2A76383D00773FF7 /* qc_ios_framework */;
			targetProxy = 143FA7622A76383F00773FF7 /* PBXContainerItemProxy */;
		};
/* End PBXTargetDependency section */

/* Begin PBXVariantGroup section */
		143FA74D2A76383F00773FF7 /* LaunchScreen.storyboard */ = {
			isa = PBXVariantGroup;
			children = (
				143FA74E2A76383F00773FF7 /* Base */,
			);
			name = LaunchScreen.storyboard;
			sourceTree = "<group>";
		};
/* End PBXVariantGroup section */

/* Begin XCBuildConfiguration section */
		143FA7692A76383F00773FF7 /* Debug */ = {
			isa = XCBuildConfiguration;
			buildSettings = {
				ALWAYS_SEARCH_USER_PATHS = NO;
				CLANG_ANALYZER_NONNULL = YES;
				CLANG_ANALYZER_NUMBER_OBJECT_CONVERSION = YES_AGGRESSIVE;
				CLANG_CXX_LANGUAGE_STANDARD = "gnu++20";
				CLANG_ENABLE_MODULES = YES;
				CLANG_ENABLE_OBJC_ARC = YES;
				CLANG_ENABLE_OBJC_WEAK = YES;
				CLANG_WARN_BLOCK_CAPTURE_AUTORELEASING = YES;
				CLANG_WARN_BOOL_CONVERSION = YES;
				CLANG_WARN_COMMA = YES;
				CLANG_WARN_CONSTANT_CONVERSION = YES;
				CLANG_WARN_DEPRECATED_OBJC_IMPLEMENTATIONS = YES;
				CLANG_WARN_DIRECT_OBJC_ISA_USAGE = YES_ERROR;
				CLANG_WARN_DOCUMENTATION_COMMENTS = YES;
				CLANG_WARN_EMPTY_BODY = YES;
				CLANG_WARN_ENUM_CONVERSION = YES;
				CLANG_WARN_INFINITE_RECURSION = YES;
				CLANG_WARN_INT_CONVERSION = YES;
				CLANG_WARN_NON_LITERAL_NULL_CONVERSION = YES;
				CLANG_WARN_OBJC_IMPLICIT_RETAIN_SELF = YES;
				CLANG_WARN_OBJC_LITERAL_CONVERSION = YES;
				CLANG_WARN_OBJC_ROOT_CLASS = YES_ERROR;
				CLANG_WARN_QUOTED_INCLUDE_IN_FRAMEWORK_HEADER = YES;
				CLANG_WARN_RANGE_LOOP_ANALYSIS = YES;
				CLANG_WARN_STRICT_PROTOTYPES = YES;
				CLANG_WARN_SUSPICIOUS_MOVE = YES;
				CLANG_WARN_UNGUARDED_AVAILABILITY = YES_AGGRESSIVE;
				CLANG_WARN_UNREACHABLE_CODE = YES;
				CLANG_WARN__DUPLICATE_METHOD_MATCH = YES;
				COPY_PHASE_STRIP = NO;
				DEBUG_INFORMATION_FORMAT = dwarf;
				ENABLE_STRICT_OBJC_MSGSEND = YES;
				ENABLE_TESTABILITY = YES;
				GCC_C_LANGUAGE_STANDARD = gnu11;
				GCC_DYNAMIC_NO_PIC = NO;
				GCC_NO_COMMON_BLOCKS = YES;
				GCC_OPTIMIZATION_LEVEL = 0;
				GCC_PREPROCESSOR_DEFINITIONS = (
					"DEBUG=1",
					"$(inherited)",
				);
				GCC_WARN_64_TO_32_BIT_CONVERSION = YES;
				GCC_WARN_ABOUT_RETURN_TYPE = YES_ERROR;
				GCC_WARN_UNDECLARED_SELECTOR = YES;
				GCC_WARN_UNINITIALIZED_AUTOS = YES_AGGRESSIVE;
				GCC_WARN_UNUSED_FUNCTION = YES;
				GCC_WARN_UNUSED_VARIABLE = YES;
				IPHONEOS_DEPLOYMENT_TARGET = 16.4;
				MTL_ENABLE_DEBUG_INFO = INCLUDE_SOURCE;
				MTL_FAST_MATH = YES;
				ONLY_ACTIVE_ARCH = YES;
				SDKROOT = iphoneos;
			};
			name = Debug;
		};
		143FA76A2A76383F00773FF7 /* Release */ = {
			isa = XCBuildConfiguration;
			buildSettings = {
				ALWAYS_SEARCH_USER_PATHS = NO;
				CLANG_ANALYZER_NONNULL = YES;
				CLANG_ANALYZER_NUMBER_OBJECT_CONVERSION = YES_AGGRESSIVE;
				CLANG_CXX_LANGUAGE_STANDARD = "gnu++20";
				CLANG_ENABLE_MODULES = YES;
				CLANG_ENABLE_OBJC_ARC = YES;
				CLANG_ENABLE_OBJC_WEAK = YES;
				CLANG_WARN_BLOCK_CAPTURE_AUTORELEASING = YES;
				CLANG_WARN_BOOL_CONVERSION = YES;
				CLANG_WARN_COMMA = YES;
				CLANG_WARN_CONSTANT_CONVERSION = YES;
				CLANG_WARN_DEPRECATED_OBJC_IMPLEMENTATIONS = YES;
				CLANG_WARN_DIRECT_OBJC_ISA_USAGE = YES_ERROR;
				CLANG_WARN_DOCUMENTATION_COMMENTS = YES;
				CLANG_WARN_EMPTY_BODY = YES;
				CLANG_WARN_ENUM_CONVERSION = YES;
				CLANG_WARN_INFINITE_RECURSION = YES;
				CLANG_WARN_INT_CONVERSION = YES;
				CLANG_WARN_NON_LITERAL_NULL_CONVERSION = YES;
				CLANG_WARN_OBJC_IMPLICIT_RETAIN_SELF = YES;
				CLANG_WARN_OBJC_LITERAL_CONVERSION = YES;
				CLANG_WARN_OBJC_ROOT_CLASS = YES_ERROR;
				CLANG_WARN_QUOTED_INCLUDE_IN_FRAMEWORK_HEADER = YES;
				CLANG_WARN_RANGE_LOOP_ANALYSIS = YES;
				CLANG_WARN_STRICT_PROTOTYPES = YES;
				CLANG_WARN_SUSPICIOUS_MOVE = YES;
				CLANG_WARN_UNGUARDED_AVAILABILITY = YES_AGGRESSIVE;
				CLANG_WARN_UNREACHABLE_CODE = YES;
				CLANG_WARN__DUPLICATE_METHOD_MATCH = YES;
				COPY_PHASE_STRIP = NO;
				DEBUG_INFORMATION_FORMAT = "dwarf-with-dsym";
				ENABLE_NS_ASSERTIONS = NO;
				ENABLE_STRICT_OBJC_MSGSEND = YES;
				GCC_C_LANGUAGE_STANDARD = gnu11;
				GCC_NO_COMMON_BLOCKS = YES;
				GCC_WARN_64_TO_32_BIT_CONVERSION = YES;
				GCC_WARN_ABOUT_RETURN_TYPE = YES_ERROR;
				GCC_WARN_UNDECLARED_SELECTOR = YES;
				GCC_WARN_UNINITIALIZED_AUTOS = YES_AGGRESSIVE;
				GCC_WARN_UNUSED_FUNCTION = YES;
				GCC_WARN_UNUSED_VARIABLE = YES;
				IPHONEOS_DEPLOYMENT_TARGET = 16.4;
				MTL_ENABLE_DEBUG_INFO = NO;
				MTL_FAST_MATH = YES;
				SDKROOT = iphoneos;
				VALIDATE_PRODUCT = YES;
			};
			name = Release;
		};
		143FA76C2A76383F00773FF7 /* Debug */ = {
			isa = XCBuildConfiguration;
			baseConfigurationReference = 41A24962920AF6E7BF241C65 /* Pods-qc_ios_framework.debug.xcconfig */;
			buildSettings = {
				ASSETCATALOG_COMPILER_APPICON_NAME = AppIcon;
				ASSETCATALOG_COMPILER_GLOBAL_ACCENT_COLOR_NAME = AccentColor;
				CODE_SIGN_STYLE = Automatic;
				CURRENT_PROJECT_VERSION = 1;
				GCC_PREFIX_HEADER = "$(SRCROOT)/qc_ios_framework/Common/PrefixCommon.h";
				GENERATE_INFOPLIST_FILE = YES;
				INFOPLIST_FILE = qc_ios_framework/Info.plist;
				INFOPLIST_KEY_UIApplicationSupportsIndirectInputEvents = YES;
				INFOPLIST_KEY_UILaunchStoryboardName = LaunchScreen;
				INFOPLIST_KEY_UISupportedInterfaceOrientations_iPad = "UIInterfaceOrientationPortrait UIInterfaceOrientationPortraitUpsideDown UIInterfaceOrientationLandscapeLeft UIInterfaceOrientationLandscapeRight";
				INFOPLIST_KEY_UISupportedInterfaceOrientations_iPhone = "UIInterfaceOrientationPortrait UIInterfaceOrientationLandscapeLeft UIInterfaceOrientationLandscapeRight";
				LD_RUNPATH_SEARCH_PATHS = (
					"$(inherited)",
					"@executable_path/Frameworks",
				);
				MARKETING_VERSION = 1.0;
				PRODUCT_BUNDLE_IDENTIFIER = "com.qc.framework.qc-ios-framework";
				PRODUCT_NAME = "$(TARGET_NAME)";
				SWIFT_EMIT_LOC_STRINGS = YES;
				TARGETED_DEVICE_FAMILY = "1,2";
			};
			name = Debug;
		};
		143FA76D2A76383F00773FF7 /* Release */ = {
			isa = XCBuildConfiguration;
			baseConfigurationReference = 2E0A29FF546D94EA344647DD /* Pods-qc_ios_framework.release.xcconfig */;
			buildSettings = {
				ASSETCATALOG_COMPILER_APPICON_NAME = AppIcon;
				ASSETCATALOG_COMPILER_GLOBAL_ACCENT_COLOR_NAME = AccentColor;
				CODE_SIGN_STYLE = Automatic;
				CURRENT_PROJECT_VERSION = 1;
				GCC_PREFIX_HEADER = "$(SRCROOT)/qc_ios_framework/Common/PrefixCommon.h";
				GENERATE_INFOPLIST_FILE = YES;
				INFOPLIST_FILE = qc_ios_framework/Info.plist;
				INFOPLIST_KEY_UIApplicationSupportsIndirectInputEvents = YES;
				INFOPLIST_KEY_UILaunchStoryboardName = LaunchScreen;
				INFOPLIST_KEY_UISupportedInterfaceOrientations_iPad = "UIInterfaceOrientationPortrait UIInterfaceOrientationPortraitUpsideDown UIInterfaceOrientationLandscapeLeft UIInterfaceOrientationLandscapeRight";
				INFOPLIST_KEY_UISupportedInterfaceOrientations_iPhone = "UIInterfaceOrientationPortrait UIInterfaceOrientationLandscapeLeft UIInterfaceOrientationLandscapeRight";
				LD_RUNPATH_SEARCH_PATHS = (
					"$(inherited)",
					"@executable_path/Frameworks",
				);
				MARKETING_VERSION = 1.0;
				PRODUCT_BUNDLE_IDENTIFIER = "com.qc.framework.qc-ios-framework";
				PRODUCT_NAME = "$(TARGET_NAME)";
				SWIFT_EMIT_LOC_STRINGS = YES;
				TARGETED_DEVICE_FAMILY = "1,2";
			};
			name = Release;
		};
		143FA76F2A76383F00773FF7 /* Debug */ = {
			isa = XCBuildConfiguration;
			buildSettings = {
				BUNDLE_LOADER = "$(TEST_HOST)";
				CODE_SIGN_STYLE = Automatic;
				CURRENT_PROJECT_VERSION = 1;
				GENERATE_INFOPLIST_FILE = YES;
				IPHONEOS_DEPLOYMENT_TARGET = 16.4;
				MARKETING_VERSION = 1.0;
				PRODUCT_BUNDLE_IDENTIFIER = "com.qc.framework.qc-ios-frameworkTests";
				PRODUCT_NAME = "$(TARGET_NAME)";
				SWIFT_EMIT_LOC_STRINGS = NO;
				TARGETED_DEVICE_FAMILY = "1,2";
				TEST_HOST = "$(BUILT_PRODUCTS_DIR)/qc_ios_framework.app/$(BUNDLE_EXECUTABLE_FOLDER_PATH)/qc_ios_framework";
			};
			name = Debug;
		};
		143FA7702A76383F00773FF7 /* Release */ = {
			isa = XCBuildConfiguration;
			buildSettings = {
				BUNDLE_LOADER = "$(TEST_HOST)";
				CODE_SIGN_STYLE = Automatic;
				CURRENT_PROJECT_VERSION = 1;
				GENERATE_INFOPLIST_FILE = YES;
				IPHONEOS_DEPLOYMENT_TARGET = 16.4;
				MARKETING_VERSION = 1.0;
				PRODUCT_BUNDLE_IDENTIFIER = "com.qc.framework.qc-ios-frameworkTests";
				PRODUCT_NAME = "$(TARGET_NAME)";
				SWIFT_EMIT_LOC_STRINGS = NO;
				TARGETED_DEVICE_FAMILY = "1,2";
				TEST_HOST = "$(BUILT_PRODUCTS_DIR)/qc_ios_framework.app/$(BUNDLE_EXECUTABLE_FOLDER_PATH)/qc_ios_framework";
			};
			name = Release;
		};
		143FA7722A76383F00773FF7 /* Debug */ = {
			isa = XCBuildConfiguration;
			buildSettings = {
				CODE_SIGN_STYLE = Automatic;
				CURRENT_PROJECT_VERSION = 1;
				GENERATE_INFOPLIST_FILE = YES;
				MARKETING_VERSION = 1.0;
				PRODUCT_BUNDLE_IDENTIFIER = "com.qc.framework.qc-ios-frameworkUITests";
				PRODUCT_NAME = "$(TARGET_NAME)";
				SWIFT_EMIT_LOC_STRINGS = NO;
				TARGETED_DEVICE_FAMILY = "1,2";
				TEST_TARGET_NAME = qc_ios_framework;
			};
			name = Debug;
		};
		143FA7732A76383F00773FF7 /* Release */ = {
			isa = XCBuildConfiguration;
			buildSettings = {
				CODE_SIGN_STYLE = Automatic;
				CURRENT_PROJECT_VERSION = 1;
				GENERATE_INFOPLIST_FILE = YES;
				MARKETING_VERSION = 1.0;
				PRODUCT_BUNDLE_IDENTIFIER = "com.qc.framework.qc-ios-frameworkUITests";
				PRODUCT_NAME = "$(TARGET_NAME)";
				SWIFT_EMIT_LOC_STRINGS = NO;
				TARGETED_DEVICE_FAMILY = "1,2";
				TEST_TARGET_NAME = qc_ios_framework;
			};
			name = Release;
		};
/* End XCBuildConfiguration section */

/* Begin XCConfigurationList section */
		143FA7372A76383D00773FF7 /* Build configuration list for PBXProject "qc_ios_framework" */ = {
			isa = XCConfigurationList;
			buildConfigurations = (
				143FA7692A76383F00773FF7 /* Debug */,
				143FA76A2A76383F00773FF7 /* Release */,
			);
			defaultConfigurationIsVisible = 0;
			defaultConfigurationName = Release;
		};
		143FA76B2A76383F00773FF7 /* Build configuration list for PBXNativeTarget "qc_ios_framework" */ = {
			isa = XCConfigurationList;
			buildConfigurations = (
				143FA76C2A76383F00773FF7 /* Debug */,
				143FA76D2A76383F00773FF7 /* Release */,
			);
			defaultConfigurationIsVisible = 0;
			defaultConfigurationName = Release;
		};
		143FA76E2A76383F00773FF7 /* Build configuration list for PBXNativeTarget "qc_ios_frameworkTests" */ = {
			isa = XCConfigurationList;
			buildConfigurations = (
				143FA76F2A76383F00773FF7 /* Debug */,
				143FA7702A76383F00773FF7 /* Release */,
			);
			defaultConfigurationIsVisible = 0;
			defaultConfigurationName = Release;
		};
		143FA7712A76383F00773FF7 /* Build configuration list for PBXNativeTarget "qc_ios_frameworkUITests" */ = {
			isa = XCConfigurationList;
			buildConfigurations = (
				143FA7722A76383F00773FF7 /* Debug */,
				143FA7732A76383F00773FF7 /* Release */,
			);
			defaultConfigurationIsVisible = 0;
			defaultConfigurationName = Release;
		};
/* End XCConfigurationList section */
	};
	rootObject = 143FA7342A76383D00773FF7 /* Project object */;
}
